
Microsoft Visual Studio Solution File, Format Version 12.00
# Visual Studio Version 17
VisualStudioVersion = 17.5.002.0
MinimumVisualStudioVersion = 10.0.40219.1
Project("{9A19103F-16F7-4668-BE54-9A1E7A4F7556}") = "Library", "Library\Library.csproj", "{A671D6A6-FF2B-49C4-AC68-F394854B8A8F}"
EndProject
Project("{9A19103F-16F7-4668-BE54-9A1E7A4F7556}") = "Program", "Program\Program.csproj", "{9169E8C0-CC09-4F38-A167-333D16ACD3D0}"
EndProject
Global
	GlobalSection(SolutionConfigurationPlatforms) = preSolution
		Debug|Any CPU = Debug|Any CPU
		Release|Any CPU = Release|Any CPU
	EndGlobalSection
	GlobalSection(ProjectConfigurationPlatforms) = postSolution
		{A671D6A6-FF2B-49C4-AC68-F394854B8A8F}.Debug|Any CPU.ActiveCfg = Debug|Any CPU
		{A671D6A6-FF2B-49C4-AC68-F394854B8A8F}.Debug|Any CPU.Build.0 = Debug|Any CPU
		{A671D6A6-FF2B-49C4-AC68-F394854B8A8F}.Release|Any CPU.ActiveCfg = Release|Any CPU
		{A671D6A6-FF2B-49C4-AC68-F394854B8A8F}.Release|Any CPU.Build.0 = Release|Any CPU
		{9169E8C0-CC09-4F38-A167-333D16ACD3D0}.Debug|Any CPU.ActiveCfg = Debug|Any CPU
		{9169E8C0-CC09-4F38-A167-333D16ACD3D0}.Debug|Any CPU.Build.0 = Debug|Any CPU
		{9169E8C0-CC09-4F38-A167-333D16ACD3D0}.Release|Any CPU.ActiveCfg = Release|Any CPU
		{9169E8C0-CC09-4F38-A167-333D16ACD3D0}.Release|Any CPU.Build.0 = Release|Any CPU
	EndGlobalSection
	GlobalSection(SolutionProperties) = preSolution
		HideSolutionNode = FALSE
	EndGlobalSection
	GlobalSection(ExtensibilityGlobals) = postSolution
		SolutionGuid = {692DE341-858A-44AA-83C8-716DE52AE653}
	EndGlobalSection
EndGlobal
